// !$*UTF8*$!
{
	archiveVersion = 1;
	classes = {
	};
	objectVersion = 56;
	objects = {

/* Begin PBXBuildFile section */
		CC267B8D2C0A213200CF4523 /* AppDelegate.swift in Sources */ = {isa = PBXBuildFile; fileRef = CC267B8C2C0A213200CF4523 /* AppDelegate.swift */; };
		CC267B8F2C0A213200CF4523 /* SceneDelegate.swift in Sources */ = {isa = PBXBuildFile; fileRef = CC267B8E2C0A213200CF4523 /* SceneDelegate.swift */; };
		CC267B962C0A213300CF4523 /* Assets.xcassets in Resources */ = {isa = PBXBuildFile; fileRef = CC267B952C0A213300CF4523 /* Assets.xcassets */; };
		CC267B992C0A213300CF4523 /* Base in Resources */ = {isa = PBXBuildFile; fileRef = CC267B982C0A213300CF4523 /* Base */; };
		CC5BC5412C0EFFAE00936ABE /* CoinSelectionViewController.swift in Sources */ = {isa = PBXBuildFile; fileRef = CC5BC53F2C0EFFAE00936ABE /* CoinSelectionViewController.swift */; };
		CC5BC5422C0EFFAE00936ABE /* CoinSelectionViewController.xib in Resources */ = {isa = PBXBuildFile; fileRef = CC5BC5402C0EFFAE00936ABE /* CoinSelectionViewController.xib */; };
		CC5BC5442C0F012B00936ABE /* CoinSelectionViewModel.swift in Sources */ = {isa = PBXBuildFile; fileRef = CC5BC5432C0F012B00936ABE /* CoinSelectionViewModel.swift */; };
		CC5BC5462C0F014100936ABE /* CoinSelectionRouter.swift in Sources */ = {isa = PBXBuildFile; fileRef = CC5BC5452C0F014100936ABE /* CoinSelectionRouter.swift */; };
		CC5BC5482C0F015600936ABE /* CoinSelectionBuilder.swift in Sources */ = {isa = PBXBuildFile; fileRef = CC5BC5472C0F015600936ABE /* CoinSelectionBuilder.swift */; };
		CC5BC54A2C0F016C00936ABE /* CoinSelectionProtocols.swift in Sources */ = {isa = PBXBuildFile; fileRef = CC5BC5492C0F016C00936ABE /* CoinSelectionProtocols.swift */; };
		CC5BC54E2C0F070700936ABE /* NumberCollectionViewCell.swift in Sources */ = {isa = PBXBuildFile; fileRef = CC5BC54C2C0F070700936ABE /* NumberCollectionViewCell.swift */; };
		CC5BC54F2C0F070700936ABE /* NumberCollectionViewCell.xib in Resources */ = {isa = PBXBuildFile; fileRef = CC5BC54D2C0F070700936ABE /* NumberCollectionViewCell.xib */; };
		CCB10E522C0DBD5A00C58C10 /* Roboto-Bold.ttf in Resources */ = {isa = PBXBuildFile; fileRef = CCB10E4E2C0DBD5A00C58C10 /* Roboto-Bold.ttf */; };
		CCB10E532C0DBD5A00C58C10 /* Roboto-Medium.ttf in Resources */ = {isa = PBXBuildFile; fileRef = CCB10E4F2C0DBD5A00C58C10 /* Roboto-Medium.ttf */; };
		CCB10E542C0DBD5A00C58C10 /* Roboto-Regular.ttf in Resources */ = {isa = PBXBuildFile; fileRef = CCB10E502C0DBD5A00C58C10 /* Roboto-Regular.ttf */; };
		CCD2E3332C0DCB9C00071AB8 /* GameState.swift in Sources */ = {isa = PBXBuildFile; fileRef = CCD2E3322C0DCB9C00071AB8 /* GameState.swift */; };
		CCD2E3362C0DCC4200071AB8 /* ListPlayersViewController.xib in Resources */ = {isa = PBXBuildFile; fileRef = CCD2E3352C0DCC4200071AB8 /* ListPlayersViewController.xib */; };
		CCD2E3372C0DCC4200071AB8 /* ListPlayersViewController.swift in Sources */ = {isa = PBXBuildFile; fileRef = CCD2E3342C0DCC4200071AB8 /* ListPlayersViewController.swift */; };
		CCD2E33B2C0DCD7300071AB8 /* Player.swift in Sources */ = {isa = PBXBuildFile; fileRef = CCD2E33A2C0DCD7300071AB8 /* Player.swift */; };
		CCD2E33D2C0DD33700071AB8 /* ListPlayersViewModel.swift in Sources */ = {isa = PBXBuildFile; fileRef = CCD2E33C2C0DD33700071AB8 /* ListPlayersViewModel.swift */; };
		CCD2E33F2C0DD3E000071AB8 /* ListPlayersRouter.swift in Sources */ = {isa = PBXBuildFile; fileRef = CCD2E33E2C0DD3E000071AB8 /* ListPlayersRouter.swift */; };
		CCD2E3412C0DD3F400071AB8 /* ListPlayersBuilder.swift in Sources */ = {isa = PBXBuildFile; fileRef = CCD2E3402C0DD3F300071AB8 /* ListPlayersBuilder.swift */; };
		CCD2E3432C0DD4B200071AB8 /* ListPlayersProtocols.swift in Sources */ = {isa = PBXBuildFile; fileRef = CCD2E3422C0DD4B200071AB8 /* ListPlayersProtocols.swift */; };
		CCD2E3452C0DD5B200071AB8 /* TypeCell.swift in Sources */ = {isa = PBXBuildFile; fileRef = CCD2E3442C0DD5B200071AB8 /* TypeCell.swift */; };
		CCD2E34B2C0DF33C00071AB8 /* AddPlayerTableViewCell.xib in Resources */ = {isa = PBXBuildFile; fileRef = CCD2E34A2C0DF33C00071AB8 /* AddPlayerTableViewCell.xib */; };
		CCD2E34C2C0DF33C00071AB8 /* AddPlayerTableViewCell.swift in Sources */ = {isa = PBXBuildFile; fileRef = CCD2E3492C0DF33C00071AB8 /* AddPlayerTableViewCell.swift */; };
		CCD2E3502C0DF38400071AB8 /* TotalCoinsTableViewCell.xib in Resources */ = {isa = PBXBuildFile; fileRef = CCD2E34F2C0DF38400071AB8 /* TotalCoinsTableViewCell.xib */; };
		CCD2E3512C0DF38400071AB8 /* TotalCoinsTableViewCell.swift in Sources */ = {isa = PBXBuildFile; fileRef = CCD2E34E2C0DF38400071AB8 /* TotalCoinsTableViewCell.swift */; };
		CCD2E3552C0DF46F00071AB8 /* PlayerTableViewCell.xib in Resources */ = {isa = PBXBuildFile; fileRef = CCD2E3542C0DF46F00071AB8 /* PlayerTableViewCell.xib */; };
		CCD2E3562C0DF46F00071AB8 /* PlayerTableViewCell.swift in Sources */ = {isa = PBXBuildFile; fileRef = CCD2E3532C0DF46F00071AB8 /* PlayerTableViewCell.swift */; };
		CCD2E3592C0DF94300071AB8 /* Font.swift in Sources */ = {isa = PBXBuildFile; fileRef = CCD2E3582C0DF94300071AB8 /* Font.swift */; };
/* End PBXBuildFile section */

/* Begin PBXFileReference section */
		CC267B892C0A213200CF4523 /* punyet_ios.app */ = {isa = PBXFileReference; explicitFileType = wrapper.application; includeInIndex = 0; path = punyet_ios.app; sourceTree = BUILT_PRODUCTS_DIR; };
		CC267B8C2C0A213200CF4523 /* AppDelegate.swift */ = {isa = PBXFileReference; lastKnownFileType = sourcecode.swift; path = AppDelegate.swift; sourceTree = "<group>"; };
		CC267B8E2C0A213200CF4523 /* SceneDelegate.swift */ = {isa = PBXFileReference; lastKnownFileType = sourcecode.swift; path = SceneDelegate.swift; sourceTree = "<group>"; };
		CC267B952C0A213300CF4523 /* Assets.xcassets */ = {isa = PBXFileReference; lastKnownFileType = folder.assetcatalog; path = Assets.xcassets; sourceTree = "<group>"; };
		CC267B982C0A213300CF4523 /* Base */ = {isa = PBXFileReference; lastKnownFileType = file.storyboard; name = Base; path = Base.lproj/LaunchScreen.storyboard; sourceTree = "<group>"; };
		CC267B9A2C0A213300CF4523 /* Info.plist */ = {isa = PBXFileReference; lastKnownFileType = text.plist.xml; path = Info.plist; sourceTree = "<group>"; };
		CC5BC53F2C0EFFAE00936ABE /* CoinSelectionViewController.swift */ = {isa = PBXFileReference; lastKnownFileType = sourcecode.swift; path = CoinSelectionViewController.swift; sourceTree = "<group>"; };
		CC5BC5402C0EFFAE00936ABE /* CoinSelectionViewController.xib */ = {isa = PBXFileReference; lastKnownFileType = file.xib; path = CoinSelectionViewController.xib; sourceTree = "<group>"; };
		CC5BC5432C0F012B00936ABE /* CoinSelectionViewModel.swift */ = {isa = PBXFileReference; lastKnownFileType = sourcecode.swift; path = CoinSelectionViewModel.swift; sourceTree = "<group>"; };
		CC5BC5452C0F014100936ABE /* CoinSelectionRouter.swift */ = {isa = PBXFileReference; lastKnownFileType = sourcecode.swift; path = CoinSelectionRouter.swift; sourceTree = "<group>"; };
		CC5BC5472C0F015600936ABE /* CoinSelectionBuilder.swift */ = {isa = PBXFileReference; lastKnownFileType = sourcecode.swift; path = CoinSelectionBuilder.swift; sourceTree = "<group>"; };
		CC5BC5492C0F016C00936ABE /* CoinSelectionProtocols.swift */ = {isa = PBXFileReference; lastKnownFileType = sourcecode.swift; path = CoinSelectionProtocols.swift; sourceTree = "<group>"; };
		CC5BC54C2C0F070700936ABE /* NumberCollectionViewCell.swift */ = {isa = PBXFileReference; lastKnownFileType = sourcecode.swift; path = NumberCollectionViewCell.swift; sourceTree = "<group>"; };
		CC5BC54D2C0F070700936ABE /* NumberCollectionViewCell.xib */ = {isa = PBXFileReference; lastKnownFileType = file.xib; path = NumberCollectionViewCell.xib; sourceTree = "<group>"; };
		CCB10E4E2C0DBD5A00C58C10 /* Roboto-Bold.ttf */ = {isa = PBXFileReference; lastKnownFileType = file; path = "Roboto-Bold.ttf"; sourceTree = "<group>"; };
		CCB10E4F2C0DBD5A00C58C10 /* Roboto-Medium.ttf */ = {isa = PBXFileReference; lastKnownFileType = file; path = "Roboto-Medium.ttf"; sourceTree = "<group>"; };
		CCB10E502C0DBD5A00C58C10 /* Roboto-Regular.ttf */ = {isa = PBXFileReference; lastKnownFileType = file; path = "Roboto-Regular.ttf"; sourceTree = "<group>"; };
		CCD2E3322C0DCB9C00071AB8 /* GameState.swift */ = {isa = PBXFileReference; lastKnownFileType = sourcecode.swift; path = GameState.swift; sourceTree = "<group>"; };
		CCD2E3342C0DCC4200071AB8 /* ListPlayersViewController.swift */ = {isa = PBXFileReference; lastKnownFileType = sourcecode.swift; path = ListPlayersViewController.swift; sourceTree = "<group>"; };
		CCD2E3352C0DCC4200071AB8 /* ListPlayersViewController.xib */ = {isa = PBXFileReference; lastKnownFileType = file.xib; path = ListPlayersViewController.xib; sourceTree = "<group>"; };
		CCD2E33A2C0DCD7300071AB8 /* Player.swift */ = {isa = PBXFileReference; lastKnownFileType = sourcecode.swift; path = Player.swift; sourceTree = "<group>"; };
		CCD2E33C2C0DD33700071AB8 /* ListPlayersViewModel.swift */ = {isa = PBXFileReference; lastKnownFileType = sourcecode.swift; path = ListPlayersViewModel.swift; sourceTree = "<group>"; };
		CCD2E33E2C0DD3E000071AB8 /* ListPlayersRouter.swift */ = {isa = PBXFileReference; lastKnownFileType = sourcecode.swift; path = ListPlayersRouter.swift; sourceTree = "<group>"; };
		CCD2E3402C0DD3F300071AB8 /* ListPlayersBuilder.swift */ = {isa = PBXFileReference; lastKnownFileType = sourcecode.swift; path = ListPlayersBuilder.swift; sourceTree = "<group>"; };
		CCD2E3422C0DD4B200071AB8 /* ListPlayersProtocols.swift */ = {isa = PBXFileReference; lastKnownFileType = sourcecode.swift; path = ListPlayersProtocols.swift; sourceTree = "<group>"; };
		CCD2E3442C0DD5B200071AB8 /* TypeCell.swift */ = {isa = PBXFileReference; lastKnownFileType = sourcecode.swift; path = TypeCell.swift; sourceTree = "<group>"; };
		CCD2E3492C0DF33C00071AB8 /* AddPlayerTableViewCell.swift */ = {isa = PBXFileReference; lastKnownFileType = sourcecode.swift; path = AddPlayerTableViewCell.swift; sourceTree = "<group>"; };
		CCD2E34A2C0DF33C00071AB8 /* AddPlayerTableViewCell.xib */ = {isa = PBXFileReference; lastKnownFileType = file.xib; path = AddPlayerTableViewCell.xib; sourceTree = "<group>"; };
		CCD2E34E2C0DF38400071AB8 /* TotalCoinsTableViewCell.swift */ = {isa = PBXFileReference; lastKnownFileType = sourcecode.swift; path = TotalCoinsTableViewCell.swift; sourceTree = "<group>"; };
		CCD2E34F2C0DF38400071AB8 /* TotalCoinsTableViewCell.xib */ = {isa = PBXFileReference; lastKnownFileType = file.xib; path = TotalCoinsTableViewCell.xib; sourceTree = "<group>"; };
		CCD2E3532C0DF46F00071AB8 /* PlayerTableViewCell.swift */ = {isa = PBXFileReference; lastKnownFileType = sourcecode.swift; path = PlayerTableViewCell.swift; sourceTree = "<group>"; };
		CCD2E3542C0DF46F00071AB8 /* PlayerTableViewCell.xib */ = {isa = PBXFileReference; lastKnownFileType = file.xib; path = PlayerTableViewCell.xib; sourceTree = "<group>"; };
		CCD2E3582C0DF94300071AB8 /* Font.swift */ = {isa = PBXFileReference; lastKnownFileType = sourcecode.swift; path = Font.swift; sourceTree = "<group>"; };
/* End PBXFileReference section */

/* Begin PBXFrameworksBuildPhase section */
		CC267B862C0A213200CF4523 /* Frameworks */ = {
			isa = PBXFrameworksBuildPhase;
			buildActionMask = 2147483647;
			files = (
			);
			runOnlyForDeploymentPostprocessing = 0;
		};
/* End PBXFrameworksBuildPhase section */

/* Begin PBXGroup section */
		CC267B802C0A213200CF4523 = {
			isa = PBXGroup;
			children = (
				CC267B8B2C0A213200CF4523 /* punyet_ios */,
				CC267B8A2C0A213200CF4523 /* Products */,
			);
			sourceTree = "<group>";
		};
		CC267B8A2C0A213200CF4523 /* Products */ = {
			isa = PBXGroup;
			children = (
				CC267B892C0A213200CF4523 /* punyet_ios.app */,
			);
			name = Products;
			sourceTree = "<group>";
		};
		CC267B8B2C0A213200CF4523 /* punyet_ios */ = {
			isa = PBXGroup;
			children = (
				CCD2E3462C0DF2F400071AB8 /* Commons */,
				CCD2E3302C0DCB0600071AB8 /* Helpers */,
				CCD2E3382C0DCD5F00071AB8 /* Domain */,
				CCB10E462C0DBC3B00C58C10 /* Presentation */,
				CCB10E4C2C0DBD2900C58C10 /* Resources */,
				CC267B9A2C0A213300CF4523 /* Info.plist */,
			);
			path = punyet_ios;
			sourceTree = "<group>";
		};
		CC5BC54B2C0F06D900936ABE /* Cells */ = {
			isa = PBXGroup;
			children = (
				CC5BC54C2C0F070700936ABE /* NumberCollectionViewCell.swift */,
				CC5BC54D2C0F070700936ABE /* NumberCollectionViewCell.xib */,
			);
			path = Cells;
			sourceTree = "<group>";
		};
		CCB10E462C0DBC3B00C58C10 /* Presentation */ = {
			isa = PBXGroup;
			children = (
				CCB10E472C0DBC4300C58C10 /* App */,
				CCB10E482C0DBC7200C58C10 /* Modules */,
			);
			path = Presentation;
			sourceTree = "<group>";
		};
		CCB10E472C0DBC4300C58C10 /* App */ = {
			isa = PBXGroup;
			children = (
				CC267B8C2C0A213200CF4523 /* AppDelegate.swift */,
				CC267B8E2C0A213200CF4523 /* SceneDelegate.swift */,
			);
			path = App;
			sourceTree = "<group>";
		};
		CCB10E482C0DBC7200C58C10 /* Modules */ = {
			isa = PBXGroup;
			children = (
				CCB10E492C0DBCE800C58C10 /* ListPlayers */,
				CCB10E4A2C0DBCF200C58C10 /* CoinsSelection */,
				CCB10E4B2C0DBCFF00C58C10 /* TotalCoins */,
			);
			path = Modules;
			sourceTree = "<group>";
		};
		CCB10E492C0DBCE800C58C10 /* ListPlayers */ = {
			isa = PBXGroup;
			children = (
				CCD2E3342C0DCC4200071AB8 /* ListPlayersViewController.swift */,
				CCD2E3352C0DCC4200071AB8 /* ListPlayersViewController.xib */,
				CCD2E33C2C0DD33700071AB8 /* ListPlayersViewModel.swift */,
				CCD2E33E2C0DD3E000071AB8 /* ListPlayersRouter.swift */,
				CCD2E3402C0DD3F300071AB8 /* ListPlayersBuilder.swift */,
				CCD2E3422C0DD4B200071AB8 /* ListPlayersProtocols.swift */,
			);
			path = ListPlayers;
			sourceTree = "<group>";
		};
		CCB10E4A2C0DBCF200C58C10 /* CoinsSelection */ = {
			isa = PBXGroup;
			children = (
				CC5BC54B2C0F06D900936ABE /* Cells */,
				CC5BC53F2C0EFFAE00936ABE /* CoinSelectionViewController.swift */,
				CC5BC5402C0EFFAE00936ABE /* CoinSelectionViewController.xib */,
				CC5BC5432C0F012B00936ABE /* CoinSelectionViewModel.swift */,
				CC5BC5452C0F014100936ABE /* CoinSelectionRouter.swift */,
				CC5BC5472C0F015600936ABE /* CoinSelectionBuilder.swift */,
				CC5BC5492C0F016C00936ABE /* CoinSelectionProtocols.swift */,
			);
			path = CoinsSelection;
			sourceTree = "<group>";
		};
		CCB10E4B2C0DBCFF00C58C10 /* TotalCoins */ = {
			isa = PBXGroup;
			children = (
			);
			path = TotalCoins;
			sourceTree = "<group>";
		};
		CCB10E4C2C0DBD2900C58C10 /* Resources */ = {
			isa = PBXGroup;
			children = (
				CCB10E4D2C0DBD3800C58C10 /* Fonts */,
				CC267B952C0A213300CF4523 /* Assets.xcassets */,
				CC267B972C0A213300CF4523 /* LaunchScreen.storyboard */,
			);
			path = Resources;
			sourceTree = "<group>";
		};
		CCB10E4D2C0DBD3800C58C10 /* Fonts */ = {
			isa = PBXGroup;
			children = (
				CCB10E512C0DBD5A00C58C10 /* Roboto */,
			);
			path = Fonts;
			sourceTree = "<group>";
		};
		CCB10E512C0DBD5A00C58C10 /* Roboto */ = {
			isa = PBXGroup;
			children = (
				CCB10E4E2C0DBD5A00C58C10 /* Roboto-Bold.ttf */,
				CCB10E4F2C0DBD5A00C58C10 /* Roboto-Medium.ttf */,
				CCB10E502C0DBD5A00C58C10 /* Roboto-Regular.ttf */,
			);
			path = Roboto;
			sourceTree = "<group>";
		};
		CCD2E3302C0DCB0600071AB8 /* Helpers */ = {
			isa = PBXGroup;
			children = (
				CCD2E3572C0DF90500071AB8 /* Extensions */,
				CCD2E3312C0DCB0F00071AB8 /* Enums */,
			);
			path = Helpers;
			sourceTree = "<group>";
		};
		CCD2E3312C0DCB0F00071AB8 /* Enums */ = {
			isa = PBXGroup;
			children = (
				CCD2E3322C0DCB9C00071AB8 /* GameState.swift */,
				CCD2E3442C0DD5B200071AB8 /* TypeCell.swift */,
			);
			path = Enums;
			sourceTree = "<group>";
		};
		CCD2E3382C0DCD5F00071AB8 /* Domain */ = {
			isa = PBXGroup;
			children = (
				CCD2E3392C0DCD6400071AB8 /* Entities */,
			);
			path = Domain;
			sourceTree = "<group>";
		};
		CCD2E3392C0DCD6400071AB8 /* Entities */ = {
			isa = PBXGroup;
			children = (
				CCD2E33A2C0DCD7300071AB8 /* Player.swift */,
			);
			path = Entities;
			sourceTree = "<group>";
		};
		CCD2E3462C0DF2F400071AB8 /* Commons */ = {
			isa = PBXGroup;
			children = (
				CCD2E3472C0DF30300071AB8 /* CustomCells */,
			);
			path = Commons;
			sourceTree = "<group>";
		};
		CCD2E3472C0DF30300071AB8 /* CustomCells */ = {
			isa = PBXGroup;
			children = (
				CCD2E3482C0DF30E00071AB8 /* AddPlayer */,
				CCD2E34D2C0DF36B00071AB8 /* TotalCoins */,
				CCD2E3522C0DF3C000071AB8 /* Player */,
			);
			path = CustomCells;
			sourceTree = "<group>";
		};
		CCD2E3482C0DF30E00071AB8 /* AddPlayer */ = {
			isa = PBXGroup;
			children = (
				CCD2E3492C0DF33C00071AB8 /* AddPlayerTableViewCell.swift */,
				CCD2E34A2C0DF33C00071AB8 /* AddPlayerTableViewCell.xib */,
			);
			path = AddPlayer;
			sourceTree = "<group>";
		};
		CCD2E34D2C0DF36B00071AB8 /* TotalCoins */ = {
			isa = PBXGroup;
			children = (
				CCD2E34E2C0DF38400071AB8 /* TotalCoinsTableViewCell.swift */,
				CCD2E34F2C0DF38400071AB8 /* TotalCoinsTableViewCell.xib */,
			);
			path = TotalCoins;
			sourceTree = "<group>";
		};
		CCD2E3522C0DF3C000071AB8 /* Player */ = {
			isa = PBXGroup;
			children = (
				CCD2E3532C0DF46F00071AB8 /* PlayerTableViewCell.swift */,
				CCD2E3542C0DF46F00071AB8 /* PlayerTableViewCell.xib */,
			);
			path = Player;
			sourceTree = "<group>";
		};
		CCD2E3572C0DF90500071AB8 /* Extensions */ = {
			isa = PBXGroup;
			children = (
				CCD2E3582C0DF94300071AB8 /* Font.swift */,
			);
			path = Extensions;
			sourceTree = "<group>";
		};
/* End PBXGroup section */

/* Begin PBXNativeTarget section */
		CC267B882C0A213200CF4523 /* punyet_ios */ = {
			isa = PBXNativeTarget;
			buildConfigurationList = CC267B9D2C0A213300CF4523 /* Build configuration list for PBXNativeTarget "punyet_ios" */;
			buildPhases = (
				CC267B852C0A213200CF4523 /* Sources */,
				CC267B862C0A213200CF4523 /* Frameworks */,
				CC267B872C0A213200CF4523 /* Resources */,
			);
			buildRules = (
			);
			dependencies = (
			);
			name = punyet_ios;
			productName = punyet_ios;
			productReference = CC267B892C0A213200CF4523 /* punyet_ios.app */;
			productType = "com.apple.product-type.application";
		};
/* End PBXNativeTarget section */

/* Begin PBXProject section */
		CC267B812C0A213200CF4523 /* Project object */ = {
			isa = PBXProject;
			attributes = {
				BuildIndependentTargetsInParallel = 1;
				LastSwiftUpdateCheck = 1540;
				LastUpgradeCheck = 1540;
				TargetAttributes = {
					CC267B882C0A213200CF4523 = {
						CreatedOnToolsVersion = 15.4;
					};
				};
			};
			buildConfigurationList = CC267B842C0A213200CF4523 /* Build configuration list for PBXProject "punyet_ios" */;
			compatibilityVersion = "Xcode 14.0";
			developmentRegion = en;
			hasScannedForEncodings = 0;
			knownRegions = (
				en,
				Base,
			);
			mainGroup = CC267B802C0A213200CF4523;
			productRefGroup = CC267B8A2C0A213200CF4523 /* Products */;
			projectDirPath = "";
			projectRoot = "";
			targets = (
				CC267B882C0A213200CF4523 /* punyet_ios */,
			);
		};
/* End PBXProject section */

/* Begin PBXResourcesBuildPhase section */
		CC267B872C0A213200CF4523 /* Resources */ = {
			isa = PBXResourcesBuildPhase;
			buildActionMask = 2147483647;
			files = (
				CCB10E532C0DBD5A00C58C10 /* Roboto-Medium.ttf in Resources */,
				CCD2E3362C0DCC4200071AB8 /* ListPlayersViewController.xib in Resources */,
				CC267B962C0A213300CF4523 /* Assets.xcassets in Resources */,
				CCD2E34B2C0DF33C00071AB8 /* AddPlayerTableViewCell.xib in Resources */,
				CCB10E542C0DBD5A00C58C10 /* Roboto-Regular.ttf in Resources */,
				CC267B992C0A213300CF4523 /* Base in Resources */,
				CC5BC54F2C0F070700936ABE /* NumberCollectionViewCell.xib in Resources */,
				CC5BC5422C0EFFAE00936ABE /* CoinSelectionViewController.xib in Resources */,
				CCB10E522C0DBD5A00C58C10 /* Roboto-Bold.ttf in Resources */,
				CCD2E3502C0DF38400071AB8 /* TotalCoinsTableViewCell.xib in Resources */,
				CCD2E3552C0DF46F00071AB8 /* PlayerTableViewCell.xib in Resources */,
			);
			runOnlyForDeploymentPostprocessing = 0;
		};
/* End PBXResourcesBuildPhase section */

/* Begin PBXSourcesBuildPhase section */
		CC267B852C0A213200CF4523 /* Sources */ = {
			isa = PBXSourcesBuildPhase;
			buildActionMask = 2147483647;
			files = (
				CCD2E3592C0DF94300071AB8 /* Font.swift in Sources */,
				CCD2E34C2C0DF33C00071AB8 /* AddPlayerTableViewCell.swift in Sources */,
				CC5BC5442C0F012B00936ABE /* CoinSelectionViewModel.swift in Sources */,
				CCD2E3332C0DCB9C00071AB8 /* GameState.swift in Sources */,
				CCD2E3452C0DD5B200071AB8 /* TypeCell.swift in Sources */,
				CC5BC54E2C0F070700936ABE /* NumberCollectionViewCell.swift in Sources */,
				CCD2E3512C0DF38400071AB8 /* TotalCoinsTableViewCell.swift in Sources */,
				CCD2E33F2C0DD3E000071AB8 /* ListPlayersRouter.swift in Sources */,
				CCD2E3372C0DCC4200071AB8 /* ListPlayersViewController.swift in Sources */,
				CCD2E3562C0DF46F00071AB8 /* PlayerTableViewCell.swift in Sources */,
				CC5BC5462C0F014100936ABE /* CoinSelectionRouter.swift in Sources */,
				CC267B8D2C0A213200CF4523 /* AppDelegate.swift in Sources */,
				CCD2E33B2C0DCD7300071AB8 /* Player.swift in Sources */,
				CC5BC54A2C0F016C00936ABE /* CoinSelectionProtocols.swift in Sources */,
				CC267B8F2C0A213200CF4523 /* SceneDelegate.swift in Sources */,
				CC5BC5482C0F015600936ABE /* CoinSelectionBuilder.swift in Sources */,
				CCD2E3412C0DD3F400071AB8 /* ListPlayersBuilder.swift in Sources */,
				CC5BC5412C0EFFAE00936ABE /* CoinSelectionViewController.swift in Sources */,
				CCD2E3432C0DD4B200071AB8 /* ListPlayersProtocols.swift in Sources */,
				CCD2E33D2C0DD33700071AB8 /* ListPlayersViewModel.swift in Sources */,
			);
			runOnlyForDeploymentPostprocessing = 0;
		};
/* End PBXSourcesBuildPhase section */

/* Begin PBXVariantGroup section */
		CC267B972C0A213300CF4523 /* LaunchScreen.storyboard */ = {
			isa = PBXVariantGroup;
			children = (
				CC267B982C0A213300CF4523 /* Base */,
			);
			name = LaunchScreen.storyboard;
			sourceTree = "<group>";
		};
/* End PBXVariantGroup section */

/* Begin XCBuildConfiguration section */
		CC267B9B2C0A213300CF4523 /* Debug */ = {
			isa = XCBuildConfiguration;
			buildSettings = {
				ALWAYS_SEARCH_USER_PATHS = NO;
				ASSETCATALOG_COMPILER_GENERATE_SWIFT_ASSET_SYMBOL_EXTENSIONS = YES;
				CLANG_ANALYZER_NONNULL = YES;
				CLANG_ANALYZER_NUMBER_OBJECT_CONVERSION = YES_AGGRESSIVE;
				CLANG_CXX_LANGUAGE_STANDARD = "gnu++20";
				CLANG_ENABLE_MODULES = YES;
				CLANG_ENABLE_OBJC_ARC = YES;
				CLANG_ENABLE_OBJC_WEAK = YES;
				CLANG_WARN_BLOCK_CAPTURE_AUTORELEASING = YES;
				CLANG_WARN_BOOL_CONVERSION = YES;
				CLANG_WARN_COMMA = YES;
				CLANG_WARN_CONSTANT_CONVERSION = YES;
				CLANG_WARN_DEPRECATED_OBJC_IMPLEMENTATIONS = YES;
				CLANG_WARN_DIRECT_OBJC_ISA_USAGE = YES_ERROR;
				CLANG_WARN_DOCUMENTATION_COMMENTS = YES;
				CLANG_WARN_EMPTY_BODY = YES;
				CLANG_WARN_ENUM_CONVERSION = YES;
				CLANG_WARN_INFINITE_RECURSION = YES;
				CLANG_WARN_INT_CONVERSION = YES;
				CLANG_WARN_NON_LITERAL_NULL_CONVERSION = YES;
				CLANG_WARN_OBJC_IMPLICIT_RETAIN_SELF = YES;
				CLANG_WARN_OBJC_LITERAL_CONVERSION = YES;
				CLANG_WARN_OBJC_ROOT_CLASS = YES_ERROR;
				CLANG_WARN_QUOTED_INCLUDE_IN_FRAMEWORK_HEADER = YES;
				CLANG_WARN_RANGE_LOOP_ANALYSIS = YES;
				CLANG_WARN_STRICT_PROTOTYPES = YES;
				CLANG_WARN_SUSPICIOUS_MOVE = YES;
				CLANG_WARN_UNGUARDED_AVAILABILITY = YES_AGGRESSIVE;
				CLANG_WARN_UNREACHABLE_CODE = YES;
				CLANG_WARN__DUPLICATE_METHOD_MATCH = YES;
				COPY_PHASE_STRIP = NO;
				DEBUG_INFORMATION_FORMAT = dwarf;
				ENABLE_STRICT_OBJC_MSGSEND = YES;
				ENABLE_TESTABILITY = YES;
				ENABLE_USER_SCRIPT_SANDBOXING = YES;
				GCC_C_LANGUAGE_STANDARD = gnu17;
				GCC_DYNAMIC_NO_PIC = NO;
				GCC_NO_COMMON_BLOCKS = YES;
				GCC_OPTIMIZATION_LEVEL = 0;
				GCC_PREPROCESSOR_DEFINITIONS = (
					"DEBUG=1",
					"$(inherited)",
				);
				GCC_WARN_64_TO_32_BIT_CONVERSION = YES;
				GCC_WARN_ABOUT_RETURN_TYPE = YES_ERROR;
				GCC_WARN_UNDECLARED_SELECTOR = YES;
				GCC_WARN_UNINITIALIZED_AUTOS = YES_AGGRESSIVE;
				GCC_WARN_UNUSED_FUNCTION = YES;
				GCC_WARN_UNUSED_VARIABLE = YES;
				IPHONEOS_DEPLOYMENT_TARGET = 17.5;
				LOCALIZATION_PREFERS_STRING_CATALOGS = YES;
				MTL_ENABLE_DEBUG_INFO = INCLUDE_SOURCE;
				MTL_FAST_MATH = YES;
				ONLY_ACTIVE_ARCH = YES;
				SDKROOT = iphoneos;
				SWIFT_ACTIVE_COMPILATION_CONDITIONS = "DEBUG $(inherited)";
				SWIFT_OPTIMIZATION_LEVEL = "-Onone";
			};
			name = Debug;
		};
		CC267B9C2C0A213300CF4523 /* Release */ = {
			isa = XCBuildConfiguration;
			buildSettings = {
				ALWAYS_SEARCH_USER_PATHS = NO;
				ASSETCATALOG_COMPILER_GENERATE_SWIFT_ASSET_SYMBOL_EXTENSIONS = YES;
				CLANG_ANALYZER_NONNULL = YES;
				CLANG_ANALYZER_NUMBER_OBJECT_CONVERSION = YES_AGGRESSIVE;
				CLANG_CXX_LANGUAGE_STANDARD = "gnu++20";
				CLANG_ENABLE_MODULES = YES;
				CLANG_ENABLE_OBJC_ARC = YES;
				CLANG_ENABLE_OBJC_WEAK = YES;
				CLANG_WARN_BLOCK_CAPTURE_AUTORELEASING = YES;
				CLANG_WARN_BOOL_CONVERSION = YES;
				CLANG_WARN_COMMA = YES;
				CLANG_WARN_CONSTANT_CONVERSION = YES;
				CLANG_WARN_DEPRECATED_OBJC_IMPLEMENTATIONS = YES;
				CLANG_WARN_DIRECT_OBJC_ISA_USAGE = YES_ERROR;
				CLANG_WARN_DOCUMENTATION_COMMENTS = YES;
				CLANG_WARN_EMPTY_BODY = YES;
				CLANG_WARN_ENUM_CONVERSION = YES;
				CLANG_WARN_INFINITE_RECURSION = YES;
				CLANG_WARN_INT_CONVERSION = YES;
				CLANG_WARN_NON_LITERAL_NULL_CONVERSION = YES;
				CLANG_WARN_OBJC_IMPLICIT_RETAIN_SELF = YES;
				CLANG_WARN_OBJC_LITERAL_CONVERSION = YES;
				CLANG_WARN_OBJC_ROOT_CLASS = YES_ERROR;
				CLANG_WARN_QUOTED_INCLUDE_IN_FRAMEWORK_HEADER = YES;
				CLANG_WARN_RANGE_LOOP_ANALYSIS = YES;
				CLANG_WARN_STRICT_PROTOTYPES = YES;
				CLANG_WARN_SUSPICIOUS_MOVE = YES;
				CLANG_WARN_UNGUARDED_AVAILABILITY = YES_AGGRESSIVE;
				CLANG_WARN_UNREACHABLE_CODE = YES;
				CLANG_WARN__DUPLICATE_METHOD_MATCH = YES;
				COPY_PHASE_STRIP = NO;
				DEBUG_INFORMATION_FORMAT = "dwarf-with-dsym";
				ENABLE_NS_ASSERTIONS = NO;
				ENABLE_STRICT_OBJC_MSGSEND = YES;
				ENABLE_USER_SCRIPT_SANDBOXING = YES;
				GCC_C_LANGUAGE_STANDARD = gnu17;
				GCC_NO_COMMON_BLOCKS = YES;
				GCC_WARN_64_TO_32_BIT_CONVERSION = YES;
				GCC_WARN_ABOUT_RETURN_TYPE = YES_ERROR;
				GCC_WARN_UNDECLARED_SELECTOR = YES;
				GCC_WARN_UNINITIALIZED_AUTOS = YES_AGGRESSIVE;
				GCC_WARN_UNUSED_FUNCTION = YES;
				GCC_WARN_UNUSED_VARIABLE = YES;
				IPHONEOS_DEPLOYMENT_TARGET = 17.5;
				LOCALIZATION_PREFERS_STRING_CATALOGS = YES;
				MTL_ENABLE_DEBUG_INFO = NO;
				MTL_FAST_MATH = YES;
				SDKROOT = iphoneos;
				SWIFT_COMPILATION_MODE = wholemodule;
				VALIDATE_PRODUCT = YES;
			};
			name = Release;
		};
		CC267B9E2C0A213300CF4523 /* Debug */ = {
			isa = XCBuildConfiguration;
			buildSettings = {
				ASSETCATALOG_COMPILER_APPICON_NAME = AppIcon;
				ASSETCATALOG_COMPILER_GLOBAL_ACCENT_COLOR_NAME = AccentColor;
				CODE_SIGN_STYLE = Automatic;
				CURRENT_PROJECT_VERSION = 1;
				GENERATE_INFOPLIST_FILE = YES;
				INFOPLIST_FILE = punyet_ios/Info.plist;
				INFOPLIST_KEY_CFBundleDisplayName = Punyet;
				INFOPLIST_KEY_UIApplicationSupportsIndirectInputEvents = YES;
				INFOPLIST_KEY_UILaunchStoryboardName = LaunchScreen;
				INFOPLIST_KEY_UISupportedInterfaceOrientations_iPad = "UIInterfaceOrientationPortrait UIInterfaceOrientationPortraitUpsideDown UIInterfaceOrientationLandscapeLeft UIInterfaceOrientationLandscapeRight";
				INFOPLIST_KEY_UISupportedInterfaceOrientations_iPhone = "UIInterfaceOrientationPortrait UIInterfaceOrientationLandscapeLeft UIInterfaceOrientationLandscapeRight";
				LD_RUNPATH_SEARCH_PATHS = (
					"$(inherited)",
					"@executable_path/Frameworks",
				);
				MARKETING_VERSION = 1.0;
				PRODUCT_BUNDLE_IDENTIFIER = "dev.adprieto.punyet-ios";
				PRODUCT_NAME = "$(TARGET_NAME)";
				SWIFT_EMIT_LOC_STRINGS = YES;
				SWIFT_VERSION = 5.0;
				TARGETED_DEVICE_FAMILY = "1,2";
			};
			name = Debug;
		};
		CC267B9F2C0A213300CF4523 /* Release */ = {
			isa = XCBuildConfiguration;
			buildSettings = {
				ASSETCATALOG_COMPILER_APPICON_NAME = AppIcon;
				ASSETCATALOG_COMPILER_GLOBAL_ACCENT_COLOR_NAME = AccentColor;
				CODE_SIGN_STYLE = Automatic;
				CURRENT_PROJECT_VERSION = 1;
				GENERATE_INFOPLIST_FILE = YES;
				INFOPLIST_FILE = punyet_ios/Info.plist;
				INFOPLIST_KEY_CFBundleDisplayName = Punyet;
				INFOPLIST_KEY_UIApplicationSupportsIndirectInputEvents = YES;
				INFOPLIST_KEY_UILaunchStoryboardName = LaunchScreen;
				INFOPLIST_KEY_UISupportedInterfaceOrientations_iPad = "UIInterfaceOrientationPortrait UIInterfaceOrientationPortraitUpsideDown UIInterfaceOrientationLandscapeLeft UIInterfaceOrientationLandscapeRight";
				INFOPLIST_KEY_UISupportedInterfaceOrientations_iPhone = "UIInterfaceOrientationPortrait UIInterfaceOrientationLandscapeLeft UIInterfaceOrientationLandscapeRight";
				LD_RUNPATH_SEARCH_PATHS = (
					"$(inherited)",
					"@executable_path/Frameworks",
				);
				MARKETING_VERSION = 1.0;
				PRODUCT_BUNDLE_IDENTIFIER = "dev.adprieto.punyet-ios";
				PRODUCT_NAME = "$(TARGET_NAME)";
				SWIFT_EMIT_LOC_STRINGS = YES;
				SWIFT_VERSION = 5.0;
				TARGETED_DEVICE_FAMILY = "1,2";
			};
			name = Release;
		};
/* End XCBuildConfiguration section */

/* Begin XCConfigurationList section */
		CC267B842C0A213200CF4523 /* Build configuration list for PBXProject "punyet_ios" */ = {
			isa = XCConfigurationList;
			buildConfigurations = (
				CC267B9B2C0A213300CF4523 /* Debug */,
				CC267B9C2C0A213300CF4523 /* Release */,
			);
			defaultConfigurationIsVisible = 0;
			defaultConfigurationName = Release;
		};
		CC267B9D2C0A213300CF4523 /* Build configuration list for PBXNativeTarget "punyet_ios" */ = {
			isa = XCConfigurationList;
			buildConfigurations = (
				CC267B9E2C0A213300CF4523 /* Debug */,
				CC267B9F2C0A213300CF4523 /* Release */,
			);
			defaultConfigurationIsVisible = 0;
			defaultConfigurationName = Release;
		};
/* End XCConfigurationList section */
	};
	rootObject = CC267B812C0A213200CF4523 /* Project object */;
}
